{
  "name": "next_try",
  "version": "0.1.0",
  "lockfileVersion": 1,
  "requires": true,
  "dependencies": {
    "@next/env": {
      "version": "12.1.4",
      "resolved": "http://192.168.30.58:8081/repository/npm/@next/env/-/env-12.1.4.tgz",
      "integrity": "sha512-7gQwotJDKnfMxxXd8xJ2vsX5AzyDxO3zou0+QOXX8/unypA6icw5+wf6A62yKZ6qQ4UZHHxS68pb6UV+wNneXg=="
    },
    "@next/swc-android-arm-eabi": {
      "version": "12.1.4",
      "resolved": "http://192.168.30.58:8081/repository/npm/@next/swc-android-arm-eabi/-/swc-android-arm-eabi-12.1.4.tgz",
      "integrity": "sha512-FJg/6a3s2YrUaqZ+/DJZzeZqfxbbWrynQMT1C5wlIEq9aDLXCFpPM/PiOyJh0ahxc0XPmi6uo38Poq+GJTuKWw==",
      "optional": true
    },
    "@next/swc-android-arm64": {
      "version": "12.1.4",
      "resolved": "http://192.168.30.58:8081/repository/npm/@next/swc-android-arm64/-/swc-android-arm64-12.1.4.tgz",
      "integrity": "sha512-LXraazvQQFBgxIg3Htny6G5V5he9EK7oS4jWtMdTGIikmD/OGByOv8ZjLuVLZLtVm3UIvaAiGtlQSLecxJoJDw==",
      "optional": true
    },
    "@next/swc-darwin-arm64": {
      "version": "12.1.4",
      "resolved": "http://192.168.30.58:8081/repository/npm/@next/swc-darwin-arm64/-/swc-darwin-arm64-12.1.4.tgz",
      "integrity": "sha512-SSST/dBymecllZxcqTCcSTCu5o1NKk9I+xcvhn/O9nH6GWjgvGgGkNqLbCarCa0jJ1ukvlBA138FagyrmZ/4rQ==",
      "optional": true
    },
    "@next/swc-darwin-x64": {
      "version": "12.1.4",
      "resolved": "http://192.168.30.58:8081/repository/npm/@next/swc-darwin-x64/-/swc-darwin-x64-12.1.4.tgz",
      "integrity": "sha512-p1lwdX0TVjaoDXQVuAkjtxVBbCL/urgxiMCBwuPDO7TikpXtSRivi+mIzBj5q7ypgICFmIAOW3TyupXeoPRAnA==",
      "optional": true
    },
    "@next/swc-linux-arm-gnueabihf": {
      "version": "12.1.4",
      "resolved": "http://192.168.30.58:8081/repository/npm/@next/swc-linux-arm-gnueabihf/-/swc-linux-arm-gnueabihf-12.1.4.tgz",
      "integrity": "sha512-67PZlgkCn3TDxacdVft0xqDCL7Io1/C4xbAs0+oSQ0xzp6OzN2RNpuKjHJrJgKd0DsE1XZ9sCP27Qv0591yfyg==",
      "optional": true
    },
    "@next/swc-linux-arm64-gnu": {
      "version": "12.1.4",
      "resolved": "http://192.168.30.58:8081/repository/npm/@next/swc-linux-arm64-gnu/-/swc-linux-arm64-gnu-12.1.4.tgz",
      "integrity": "sha512-OnOWixhhw7aU22TQdQLYrgpgFq0oA1wGgnjAiHJ+St7MLj82KTDyM9UcymAMbGYy6nG/TFOOHdTmRMtCRNOw0g==",
      "optional": true
    },
    "@next/swc-linux-arm64-musl": {
      "version": "12.1.4",
      "resolved": "http://192.168.30.58:8081/repository/npm/@next/swc-linux-arm64-musl/-/swc-linux-arm64-musl-12.1.4.tgz",
      "integrity": "sha512-UoRMzPZnsAavdWtVylYxH8DNC7Uy0i6RrvNwT4PyQVdfANBn2omsUkcH5lgS2O7oaz0nAYLk1vqyZDO7+tJotA==",
      "optional": true
    },
    "@next/swc-linux-x64-gnu": {
      "version": "12.1.4",
      "resolved": "http://192.168.30.58:8081/repository/npm/@next/swc-linux-x64-gnu/-/swc-linux-x64-gnu-12.1.4.tgz",
      "integrity": "sha512-nM+MA/frxlTLUKLJKorctdI20/ugfHRjVEEkcLp/58LGG7slNaP1E5d5dRA1yX6ISjPcQAkywas5VlGCg+uTvA==",
      "optional": true
    },
    "@next/swc-linux-x64-musl": {
      "version": "12.1.4",
      "resolved": "http://192.168.30.58:8081/repository/npm/@next/swc-linux-x64-musl/-/swc-linux-x64-musl-12.1.4.tgz",
      "integrity": "sha512-GoRHxkuW4u4yKw734B9SzxJwVdyEJosaZ62P7ifOwcujTxhgBt3y76V2nNUrsSuopcKI2ZTDjaa+2wd5zyeXbA==",
      "optional": true
    },
    "@next/swc-win32-arm64-msvc": {
      "version": "12.1.4",
      "resolved": "http://192.168.30.58:8081/repository/npm/@next/swc-win32-arm64-msvc/-/swc-win32-arm64-msvc-12.1.4.tgz",
      "integrity": "sha512-6TQkQze0ievXwHJcVUrIULwCYVe3ccX6T0JgZ1SiMeXpHxISN7VJF/O8uSCw1JvXZYZ6ud0CJ7nfC5HXivgfPg==",
      "optional": true
    },
    "@next/swc-win32-ia32-msvc": {
      "version": "12.1.4",
      "resolved": "http://192.168.30.58:8081/repository/npm/@next/swc-win32-ia32-msvc/-/swc-win32-ia32-msvc-12.1.4.tgz",
      "integrity": "sha512-CsbX/IXuZ5VSmWCpSetG2HD6VO5FTsO39WNp2IR2Ut/uom9XtLDJAZqjQEnbUTLGHuwDKFjrIO3LkhtROXLE/g==",
      "optional": true
    },
    "@next/swc-win32-x64-msvc": {
      "version": "12.1.4",
      "resolved": "http://192.168.30.58:8081/repository/npm/@next/swc-win32-x64-msvc/-/swc-win32-x64-msvc-12.1.4.tgz",
      "integrity": "sha512-JtYuWzKXKLDMgE/xTcFtCm1MiCIRaAc5XYZfYX3n/ZWSI1SJS/GMm+Su0SAHJgRFavJh6U/p998YwO/iGTIgqQ==",
      "optional": true
    },
    "ansi-styles": {
      "version": "4.3.0",
      "resolved": "http://192.168.30.58:8081/repository/npm/ansi-styles/-/ansi-styles-4.3.0.tgz",
      "integrity": "sha512-zbB9rCJAT1rbjiVDb2hqKFHNYLxgtk8NURxZ3IZwD3F6NtxbXZQCnnSi1Lkx+IDohdPlFp222wVALIheZJQSEg==",
      "requires": {
        "color-convert": "^2.0.1"
      }
    },
    "anymatch": {
      "version": "3.1.2",
      "resolved": "http://192.168.30.58:8081/repository/npm/anymatch/-/anymatch-3.1.2.tgz",
      "integrity": "sha512-P43ePfOAIupkguHUycrc4qJ9kz8ZiuOUijaETwX7THt0Y/GNK7v0aa8rY816xWjZ7rJdA5XdMcpVFTKMq+RvWg==",
      "requires": {
        "normalize-path": "^3.0.0",
        "picomatch": "^2.0.4"
      }
    },
    "async": {
      "version": "3.2.3",
      "resolved": "http://192.168.30.58:8081/repository/npm/async/-/async-3.2.3.tgz",
      "integrity": "sha512-spZRyzKL5l5BZQrr/6m/SqFdBN0q3OCI0f9rjfBzCMBIP4p75P620rR3gTmaksNOhmzgdxcaxdNfMy6anrbM0g=="
    },
    "balanced-match": {
      "version": "1.0.2",
      "resolved": "http://192.168.30.58:8081/repository/npm/balanced-match/-/balanced-match-1.0.2.tgz",
      "integrity": "sha512-3oSeUO0TMV67hN1AmbXsK4yaqU7tjiHlbxRDZOpH0KW9+CeX4bRAaX0Anxt0tx2MrpRpWwQaPwIlISEJhYU5Pw=="
    },
    "big.js": {
      "version": "5.2.2",
      "resolved": "http://192.168.30.58:8081/repository/npm/big.js/-/big.js-5.2.2.tgz",
      "integrity": "sha512-vyL2OymJxmarO8gxMr0mhChsO9QGwhynfuu4+MHTAW6czfq9humCB7rKpUjDd9YUiDPU4mzpyupFSvOClAwbmQ=="
    },
    "binary-extensions": {
      "version": "2.2.0",
      "resolved": "http://192.168.30.58:8081/repository/npm/binary-extensions/-/binary-extensions-2.2.0.tgz",
      "integrity": "sha512-jDctJ/IVQbZoJykoeHbhXpOlNBqGNcwXJKJog42E5HDPUwQTSdjCHdihjj0DlnheQ7blbT6dHOafNAiS8ooQKA=="
    },
    "brace-expansion": {
      "version": "1.1.11",
      "resolved": "http://192.168.30.58:8081/repository/npm/brace-expansion/-/brace-expansion-1.1.11.tgz",
      "integrity": "sha512-iCuPHDFgrHX7H2vEI/5xpz07zSHB00TpugqhmYtVmMO6518mCuRMoOYFldEBl0g187ufozdaHgWKcYFb61qGiA==",
      "requires": {
        "balanced-match": "^1.0.0",
        "concat-map": "0.0.1"
      }
    },
    "braces": {
      "version": "3.0.2",
      "resolved": "http://192.168.30.58:8081/repository/npm/braces/-/braces-3.0.2.tgz",
      "integrity": "sha512-b8um+L1RzM3WDSzvhm6gIz1yfTbBt6YTlcEKAvsmqCZZFw46z626lVj9j1yEPW33H5H+lBQpZMP1k8l+78Ha0A==",
      "requires": {
        "fill-range": "^7.0.1"
      }
    },
    "caniuse-lite": {
      "version": "1.0.30001327",
      "resolved": "http://192.168.30.58:8081/repository/npm/caniuse-lite/-/caniuse-lite-1.0.30001327.tgz",
      "integrity": "sha512-1/Cg4jlD9qjZzhbzkzEaAC2JHsP0WrOc8Rd/3a3LuajGzGWR/hD7TVyvq99VqmTy99eVh8Zkmdq213OgvgXx7w=="
    },
    "chalk": {
      "version": "4.1.2",
      "resolved": "http://192.168.30.58:8081/repository/npm/chalk/-/chalk-4.1.2.tgz",
      "integrity": "sha512-oKnbhFyRIXpUuez8iBMmyEa4nbj4IOQyuhc/wy9kY7/WVPcwIO9VA668Pu8RkO7+0G76SLROeyw9CpQ061i4mA==",
      "requires": {
        "ansi-styles": "^4.1.0",
        "supports-color": "^7.1.0"
      }
    },
    "chokidar": {
      "version": "3.5.3",
      "resolved": "http://192.168.30.58:8081/repository/npm/chokidar/-/chokidar-3.5.3.tgz",
      "integrity": "sha512-Dr3sfKRP6oTcjf2JmUmFJfeVMvXBdegxB0iVQ5eb2V10uFJUCAS8OByZdVAyVb8xXNz3GjjTgj9kLWsZTqE6kw==",
      "requires": {
        "anymatch": "~3.1.2",
        "braces": "~3.0.2",
        "fsevents": "~2.3.2",
        "glob-parent": "~5.1.2",
        "is-binary-path": "~2.1.0",
        "is-glob": "~4.0.1",
        "normalize-path": "~3.0.0",
        "readdirp": "~3.6.0"
      }
    },
    "color-convert": {
      "version": "2.0.1",
      "resolved": "http://192.168.30.58:8081/repository/npm/color-convert/-/color-convert-2.0.1.tgz",
      "integrity": "sha512-RRECPsj7iu/xb5oKYcsFHSppFNnsj/52OVTRKb4zP5onXwVF3zVmmToNcOfGC+CRDpfK/U584fMg38ZHCaElKQ==",
      "requires": {
        "color-name": "~1.1.4"
      }
    },
    "color-name": {
      "version": "1.1.4",
      "resolved": "http://192.168.30.58:8081/repository/npm/color-name/-/color-name-1.1.4.tgz",
      "integrity": "sha512-dOy+3AuW3a2wNbZHIuMZpTcgjGuLU/uBL/ubcZF9OXbDo8ff4O8yVp5Bf0efS8uEoYo5q4Fx7dY9OgQGXgAsQA=="
    },
    "concat-map": {
      "version": "0.0.1",
      "resolved": "http://192.168.30.58:8081/repository/npm/concat-map/-/concat-map-0.0.1.tgz",
      "integrity": "sha512-/Srv4dswyQNBfohGpz9o6Yb3Gz3SrUDqBH5rTuhGR7ahtlbYKnVxw2bCFMRljaA7EXHaXZ8wsHdodFvbkhKmqg=="
    },
    "emojis-list": {
      "version": "3.0.0",
      "resolved": "http://192.168.30.58:8081/repository/npm/emojis-list/-/emojis-list-3.0.0.tgz",
      "integrity": "sha512-/kyM18EfinwXZbno9FyUGeFh87KC8HRQBQGildHZbEuRyWFOmv1U10o9BBp8XVZDVNNuQKyIGIu5ZYAAXJ0V2Q=="
    },
    "fill-range": {
      "version": "7.0.1",
      "resolved": "http://192.168.30.58:8081/repository/npm/fill-range/-/fill-range-7.0.1.tgz",
      "integrity": "sha512-qOo9F+dMUmC2Lcb4BbVvnKJxTPjCm+RRpe4gDuGrzkL7mEVl/djYSu2OdQ2Pa302N4oqkSg9ir6jaLWJ2USVpQ==",
      "requires": {
        "to-regex-range": "^5.0.1"
      }
    },
    "fs.realpath": {
      "version": "1.0.0",
      "resolved": "http://192.168.30.58:8081/repository/npm/fs.realpath/-/fs.realpath-1.0.0.tgz",
      "integrity": "sha512-OO0pH2lK6a0hZnAdau5ItzHPI6pUlvI7jMVnxUQRtw4owF2wk8lOSabtGDCTP4Ggrg2MbGnWO9X8K1t4+fGMDw=="
    },
    "fsevents": {
      "version": "2.3.2",
      "resolved": "http://192.168.30.58:8081/repository/npm/fsevents/-/fsevents-2.3.2.tgz",
      "integrity": "sha512-xiqMQR4xAeHTuB9uWm+fFRcIOgKBMiOBP+eXiyT7jsgVCq1bkVygt00oASowB7EdtpOHaaPgKt812P9ab+DDKA==",
      "optional": true
    },
    "glob": {
      "version": "7.2.0",
      "resolved": "http://192.168.30.58:8081/repository/npm/glob/-/glob-7.2.0.tgz",
      "integrity": "sha512-lmLf6gtyrPq8tTjSmrO94wBeQbFR3HbLHbuyD69wuyQkImp2hWqMGB47OX65FBkPffO641IP9jWa1z4ivqG26Q==",
      "requires": {
        "fs.realpath": "^1.0.0",
        "inflight": "^1.0.4",
        "inherits": "2",
        "minimatch": "^3.0.4",
        "once": "^1.3.0",
        "path-is-absolute": "^1.0.0"
      }
    },
    "glob-parent": {
      "version": "5.1.2",
      "resolved": "http://192.168.30.58:8081/repository/npm/glob-parent/-/glob-parent-5.1.2.tgz",
      "integrity": "sha512-AOIgSQCepiJYwP3ARnGx+5VnTu2HBYdzbGP45eLw1vr3zB3vZLeyed1sC9hnbcOc9/SrMyM5RPQrkGz4aS9Zow==",
      "requires": {
        "is-glob": "^4.0.1"
      }
    },
    "has-flag": {
      "version": "4.0.0",
      "resolved": "http://192.168.30.58:8081/repository/npm/has-flag/-/has-flag-4.0.0.tgz",
      "integrity": "sha512-EykJT/Q1KjTWctppgIAgfSO0tKVuZUjhgMr17kqTumMl6Afv3EISleU7qZUzoXDFTAHTDC4NOoG/ZxU3EvlMPQ=="
    },
    "immutable": {
      "version": "4.0.0",
      "resolved": "http://192.168.30.58:8081/repository/npm/immutable/-/immutable-4.0.0.tgz",
      "integrity": "sha512-zIE9hX70qew5qTUjSS7wi1iwj/l7+m54KWU247nhM3v806UdGj1yDndXj+IOYxxtW9zyLI+xqFNZjTuDaLUqFw=="
    },
    "inflight": {
      "version": "1.0.6",
      "resolved": "http://192.168.30.58:8081/repository/npm/inflight/-/inflight-1.0.6.tgz",
      "integrity": "sha512-k92I/b08q4wvFscXCLvqfsHCrjrF7yiXsQuIVvVE7N82W3+aqpzuUdBbfhWcy/FZR3/4IgflMgKLOsvPDrGCJA==",
      "requires": {
        "once": "^1.3.0",
        "wrappy": "1"
      }
    },
    "inherits": {
      "version": "2.0.4",
      "resolved": "http://192.168.30.58:8081/repository/npm/inherits/-/inherits-2.0.4.tgz",
      "integrity": "sha512-k/vGaX4/Yla3WzyMCvTQOXYeIHvqOKtnqBduzTHpzpQZzAskKMhZ2K+EnBiSM9zGSoIFeMpXKxa4dYeZIQqewQ=="
    },
    "is-binary-path": {
      "version": "2.1.0",
      "resolved": "http://192.168.30.58:8081/repository/npm/is-binary-path/-/is-binary-path-2.1.0.tgz",
      "integrity": "sha512-ZMERYes6pDydyuGidse7OsHxtbI7WVeUEozgR/g7rd0xUimYNlvZRE/K2MgZTjWy725IfelLeVcEM97mmtRGXw==",
      "requires": {
        "binary-extensions": "^2.0.0"
      }
    },
    "is-extglob": {
      "version": "2.1.1",
      "resolved": "http://192.168.30.58:8081/repository/npm/is-extglob/-/is-extglob-2.1.1.tgz",
      "integrity": "sha512-SbKbANkN603Vi4jEZv49LeVJMn4yGwsbzZworEoyEiutsN3nJYdbO36zfhGJ6QEDpOZIFkDtnq5JRxmvl3jsoQ=="
    },
    "is-glob": {
      "version": "4.0.3",
      "resolved": "http://192.168.30.58:8081/repository/npm/is-glob/-/is-glob-4.0.3.tgz",
      "integrity": "sha512-xelSayHH36ZgE7ZWhli7pW34hNbNl8Ojv5KVmkJD4hBdD3th8Tfk9vYasLM+mXWOZhFkgZfxhLSnrwRr4elSSg==",
      "requires": {
        "is-extglob": "^2.1.1"
      }
    },
    "is-number": {
      "version": "7.0.0",
      "resolved": "http://192.168.30.58:8081/repository/npm/is-number/-/is-number-7.0.0.tgz",
      "integrity": "sha512-41Cifkg6e8TylSpdtTpeLVMqvSBEVzTttHvERD741+pnZ8ANv0004MRL43QKPDlK9cGvNp6NZWZUBlbGXYxxng=="
    },
    "js-tokens": {
      "version": "4.0.0",
      "resolved": "http://192.168.30.58:8081/repository/npm/js-tokens/-/js-tokens-4.0.0.tgz",
      "integrity": "sha512-RdJUflcE3cUzKiMqQgsCu06FPu9UdIJO0beYbPhHN4k6apgJtifcoCtT9bcxOpYBtpD2kCM6Sbzg4CausW/PKQ=="
    },
    "json5": {
      "version": "2.2.1",
      "resolved": "http://192.168.30.58:8081/repository/npm/json5/-/json5-2.2.1.tgz",
      "integrity": "sha512-1hqLFMSrGHRHxav9q9gNjJ5EXznIxGVO09xQRrwplcS8qs28pZ8s8hupZAmqDwZUmVZ2Qb2jnyPOWcDH8m8dlA=="
    },
    "loader-utils": {
      "version": "2.0.2",
      "resolved": "http://192.168.30.58:8081/repository/npm/loader-utils/-/loader-utils-2.0.2.tgz",
      "integrity": "sha512-TM57VeHptv569d/GKh6TAYdzKblwDNiumOdkFnejjD0XwTH87K90w3O7AiJRqdQoXygvi1VQTJTLGhJl7WqA7A==",
      "requires": {
        "big.js": "^5.2.2",
        "emojis-list": "^3.0.0",
        "json5": "^2.1.2"
      }
    },
    "loose-envify": {
      "version": "1.4.0",
      "resolved": "http://192.168.30.58:8081/repository/npm/loose-envify/-/loose-envify-1.4.0.tgz",
      "integrity": "sha512-lyuxPGr/Wfhrlem2CL/UcnUc1zcqKAImBDzukY7Y5F/yQiNdko6+fRLevlw1HgMySw7f611UIY408EtxRSoK3Q==",
      "requires": {
        "js-tokens": "^3.0.0 || ^4.0.0"
      }
    },
    "minimatch": {
      "version": "3.1.2",
      "resolved": "http://192.168.30.58:8081/repository/npm/minimatch/-/minimatch-3.1.2.tgz",
      "integrity": "sha512-J7p63hRiAjw1NDEww1W7i37+ByIrOWO5XQQAzZ3VOcL0PNybwpfmV/N05zFAzwQ9USyEcX6t3UO+K5aqBQOIHw==",
      "requires": {
        "brace-expansion": "^1.1.7"
      }
    },
    "nanoid": {
      "version": "3.3.2",
      "resolved": "http://192.168.30.58:8081/repository/npm/nanoid/-/nanoid-3.3.2.tgz",
      "integrity": "sha512-CuHBogktKwpm5g2sRgv83jEy2ijFzBwMoYA60orPDR7ynsLijJDqgsi4RDGj3OJpy3Ieb+LYwiRmIOGyytgITA=="
    },
    "next": {
      "version": "12.1.4",
      "resolved": "https://registry.npmmirror.com/next/-/next-12.1.4.tgz",
      "requires": {
        "@next/env": "12.1.4",
        "@next/swc-android-arm-eabi": "12.1.4",
        "@next/swc-android-arm64": "12.1.4",
        "@next/swc-darwin-arm64": "12.1.4",
        "@next/swc-darwin-x64": "12.1.4",
        "@next/swc-linux-arm-gnueabihf": "12.1.4",
        "@next/swc-linux-arm64-gnu": "12.1.4",
        "@next/swc-linux-arm64-musl": "12.1.4",
        "@next/swc-linux-x64-gnu": "12.1.4",
        "@next/swc-linux-x64-musl": "12.1.4",
        "@next/swc-win32-arm64-msvc": "12.1.4",
        "@next/swc-win32-ia32-msvc": "12.1.4",
        "@next/swc-win32-x64-msvc": "12.1.4",
        "caniuse-lite": "^1.0.30001283",
        "postcss": "8.4.5",
        "styled-jsx": "5.0.1"
      }
    },
    "normalize-path": {
      "version": "3.0.0",
      "resolved": "http://192.168.30.58:8081/repository/npm/normalize-path/-/normalize-path-3.0.0.tgz",
      "integrity": "sha512-6eZs5Ls3WtCisHWp9S2GUy8dqkpGi4BVSz3GaqiE6ezub0512ESztXUwUB6C6IKbQkY2Pnb/mD4WYojCRwcwLA=="
    },
    "once": {
      "version": "1.4.0",
      "resolved": "http://192.168.30.58:8081/repository/npm/once/-/once-1.4.0.tgz",
      "integrity": "sha512-lNaJgI+2Q5URQBkccEKHTQOPaXdUxnZZElQTZY0MFUAuaEqe1E+Nyvgdz/aIyNi6Z9MzO5dv1H8n58/GELp3+w==",
      "requires": {
        "wrappy": "1"
      }
    },
    "path-is-absolute": {
      "version": "1.0.1",
      "resolved": "http://192.168.30.58:8081/repository/npm/path-is-absolute/-/path-is-absolute-1.0.1.tgz",
      "integrity": "sha512-AVbw3UJ2e9bq64vSaS9Am0fje1Pa8pbGqTTsmXfaIiMpnr5DlDhfJOuLj9Sf95ZPVDAUerDfEk88MPmPe7UCQg=="
    },
    "picocolors": {
      "version": "1.0.0",
      "resolved": "http://192.168.30.58:8081/repository/npm/picocolors/-/picocolors-1.0.0.tgz",
      "integrity": "sha512-1fygroTLlHu66zi26VoTDv8yRgm0Fccecssto+MhsZ0D/DGW2sm8E8AjW7NU5VVTRt5GxbeZ5qBuJr+HyLYkjQ=="
    },
    "picomatch": {
      "version": "2.3.1",
      "resolved": "http://192.168.30.58:8081/repository/npm/picomatch/-/picomatch-2.3.1.tgz",
      "integrity": "sha512-JU3teHTNjmE2VCGFzuY8EXzCDVwEqB2a8fsIvwaStHhAWJEeVd1o1QD80CU6+ZdEXXSLbSsuLwJjkCBWqRQUVA=="
    },
    "postcss": {
      "version": "8.4.5",
      "resolved": "http://192.168.30.58:8081/repository/npm/postcss/-/postcss-8.4.5.tgz",
      "integrity": "sha512-jBDboWM8qpaqwkMwItqTQTiFikhs/67OYVvblFFTM7MrZjt6yMKd6r2kgXizEbTTljacm4NldIlZnhbjr84QYg==",
      "requires": {
        "nanoid": "^3.1.30",
        "picocolors": "^1.0.0",
        "source-map-js": "^1.0.1"
      }
    },
    "react": {
      "version": "18.0.0",
      "resolved": "https://registry.npmmirror.com/react/-/react-18.0.0.tgz",
      "requires": {
        "loose-envify": "^1.1.0"
      }
    },
    "react-dom": {
      "version": "18.0.0",
      "resolved": "https://registry.npmmirror.com/react-dom/-/react-dom-18.0.0.tgz",
      "requires": {
        "loose-envify": "^1.1.0",
        "scheduler": "^0.21.0"
      }
    },
    "readdirp": {
      "version": "3.6.0",
      "resolved": "http://192.168.30.58:8081/repository/npm/readdirp/-/readdirp-3.6.0.tgz",
      "integrity": "sha512-hOS089on8RduqdbhvQ5Z37A0ESjsqz6qnRcffsMU3495FuTdqSm+7bhJ29JvIOsBDEEnan5DPu9t3To9VRlMzA==",
      "requires": {
        "picomatch": "^2.2.1"
      }
    },
    "sass": {
      "version": "1.50.0",
      "resolved": "http://192.168.30.58:8081/repository/npm/sass/-/sass-1.50.0.tgz",
      "integrity": "sha512-cLsD6MEZ5URXHStxApajEh7gW189kkjn4Rc8DQweMyF+o5HF5nfEz8QYLMlPsTOD88DknatTmBWkOcw5/LnJLQ==",
      "requires": {
        "chokidar": ">=3.0.0 <4.0.0",
        "immutable": "^4.0.0",
        "source-map-js": ">=0.6.2 <2.0.0"
      }
    },
    "sass-resources-loader": {
      "version": "2.2.4",
      "resolved": "http://192.168.30.58:8081/repository/npm/sass-resources-loader/-/sass-resources-loader-2.2.4.tgz",
      "integrity": "sha512-hIQhBygYky+rLf+4cuoGYONZ623CEH4Swo1fs1WRJkukbqdvN1VIu2KCL59du6vX92bNELzNkGPLx+NorN73xA==",
      "requires": {
        "async": "^3.2.0",
        "chalk": "^4.1.0",
        "glob": "^7.1.6",
        "loader-utils": "^2.0.0"
      }
    },
    "scheduler": {
      "version": "0.21.0",
      "resolved": "http://192.168.30.58:8081/repository/npm/scheduler/-/scheduler-0.21.0.tgz",
      "integrity": "sha512-1r87x5fz9MXqswA2ERLo0EbOAU74DpIUO090gIasYTqlVoJeMcl+Z1Rg7WHz+qtPujhS/hGIt9kxZOYBV3faRQ==",
      "requires": {
        "loose-envify": "^1.1.0"
      }
    },
    "source-map-js": {
      "version": "1.0.2",
      "resolved": "http://192.168.30.58:8081/repository/npm/source-map-js/-/source-map-js-1.0.2.tgz",
      "integrity": "sha512-R0XvVJ9WusLiqTCEiGCmICCMplcCkIwwR11mOSD9CR5u+IXYdiseeEuXCVAjS54zqwkLcPNnmU4OeJ6tUrWhDw=="
    },
    "styled-jsx": {
      "version": "5.0.1",
      "resolved": "http://192.168.30.58:8081/repository/npm/styled-jsx/-/styled-jsx-5.0.1.tgz",
      "integrity": "sha512-+PIZ/6Uk40mphiQJJI1202b+/dYeTVd9ZnMPR80pgiWbjIwvN2zIp4r9et0BgqBuShh48I0gttPlAXA7WVvBxw=="
    },
    "supports-color": {
      "version": "7.2.0",
      "resolved": "http://192.168.30.58:8081/repository/npm/supports-color/-/supports-color-7.2.0.tgz",
      "integrity": "sha512-qpCAvRl9stuOHveKsn7HncJRvv501qIacKzQlO/+Lwxc9+0q2wLyv4Dfvt80/DPn2pqOBsJdDiogXGR9+OvwRw==",
      "requires": {
        "has-flag": "^4.0.0"
      }
    },
    "to-regex-range": {
      "version": "5.0.1",
      "resolved": "http://192.168.30.58:8081/repository/npm/to-regex-range/-/to-regex-range-5.0.1.tgz",
      "integrity": "sha512-65P7iz6X5yEr1cwcgvQxbbIw7Uk3gOy5dIdtZ4rDveLqhrdJP+Li/Hx6tyK0NEb+2GCyneCMJiGqrADCSNk8sQ==",
      "requires": {
        "is-number": "^7.0.0"
      }
    },
    "wrappy": {
      "version": "1.0.2",
      "resolved": "http://192.168.30.58:8081/repository/npm/wrappy/-/wrappy-1.0.2.tgz",
      "integrity": "sha512-l4Sp/DRseor9wL6EvV2+TuQn63dMkPjZ/sp9XkghTEbV9KlPS1xUsZ3u7/IQO4wxtcFB4bgpQPRcR3QCvezPcQ=="
    }
  }
}
